// !$*UTF8*$!
{
	archiveVersion = 1;
	classes = {
	};
	objectVersion = 55;
	objects = {

/* Begin PBXBuildFile section */
		B41EA8832763290D00E95879 /* AppDelegate.swift in Sources */ = {isa = PBXBuildFile; fileRef = B41EA8822763290D00E95879 /* AppDelegate.swift */; };
		B41EA8852763290D00E95879 /* SceneDelegate.swift in Sources */ = {isa = PBXBuildFile; fileRef = B41EA8842763290D00E95879 /* SceneDelegate.swift */; };
		B41EA8872763290D00E95879 /* ViewController.swift in Sources */ = {isa = PBXBuildFile; fileRef = B41EA8862763290D00E95879 /* ViewController.swift */; };
		B41EA88A2763290D00E95879 /* Main.storyboard in Resources */ = {isa = PBXBuildFile; fileRef = B41EA8882763290D00E95879 /* Main.storyboard */; };
		B41EA88C2763290E00E95879 /* Assets.xcassets in Resources */ = {isa = PBXBuildFile; fileRef = B41EA88B2763290E00E95879 /* Assets.xcassets */; };
		B41EA88F2763290F00E95879 /* LaunchScreen.storyboard in Resources */ = {isa = PBXBuildFile; fileRef = B41EA88D2763290F00E95879 /* LaunchScreen.storyboard */; };
		B41EA89A2763290F00E95879 /* CarAppTests.swift in Sources */ = {isa = PBXBuildFile; fileRef = B41EA8992763290F00E95879 /* CarAppTests.swift */; };
		B41EA8A42763290F00E95879 /* CarAppUITests.swift in Sources */ = {isa = PBXBuildFile; fileRef = B41EA8A32763290F00E95879 /* CarAppUITests.swift */; };
		B41EA8A62763290F00E95879 /* CarAppUITestsLaunchTests.swift in Sources */ = {isa = PBXBuildFile; fileRef = B41EA8A52763290F00E95879 /* CarAppUITestsLaunchTests.swift */; };
/* End PBXBuildFile section */

/* Begin PBXContainerItemProxy section */
		B41EA8962763290F00E95879 /* PBXContainerItemProxy */ = {
			isa = PBXContainerItemProxy;
			containerPortal = B41EA8772763290D00E95879 /* Project object */;
			proxyType = 1;
			remoteGlobalIDString = B41EA87E2763290D00E95879;
			remoteInfo = CarApp;
		};
		B41EA8A02763290F00E95879 /* PBXContainerItemProxy */ = {
			isa = PBXContainerItemProxy;
			containerPortal = B41EA8772763290D00E95879 /* Project object */;
			proxyType = 1;
			remoteGlobalIDString = B41EA87E2763290D00E95879;
			remoteInfo = CarApp;
		};
/* End PBXContainerItemProxy section */

/* Begin PBXFileReference section */
		B41EA87F2763290D00E95879 /* CarApp.app */ = {isa = PBXFileReference; explicitFileType = wrapper.application; includeInIndex = 0; path = CarApp.app; sourceTree = BUILT_PRODUCTS_DIR; };
		B41EA8822763290D00E95879 /* AppDelegate.swift */ = {isa = PBXFileReference; lastKnownFileType = sourcecode.swift; path = AppDelegate.swift; sourceTree = "<group>"; };
		B41EA8842763290D00E95879 /* SceneDelegate.swift */ = {isa = PBXFileReference; lastKnownFileType = sourcecode.swift; path = SceneDelegate.swift; sourceTree = "<group>"; };
		B41EA8862763290D00E95879 /* ViewController.swift */ = {isa = PBXFileReference; lastKnownFileType = sourcecode.swift; path = ViewController.swift; sourceTree = "<group>"; };
		B41EA8892763290D00E95879 /* Base */ = {isa = PBXFileReference; lastKnownFileType = file.storyboard; name = Base; path = Base.lproj/Main.storyboard; sourceTree = "<group>"; };
		B41EA88B2763290E00E95879 /* Assets.xcassets */ = {isa = PBXFileReference; lastKnownFileType = folder.assetcatalog; path = Assets.xcassets; sourceTree = "<group>"; };
		B41EA88E2763290F00E95879 /* Base */ = {isa = PBXFileReference; lastKnownFileType = file.storyboard; name = Base; path = Base.lproj/LaunchScreen.storyboard; sourceTree = "<group>"; };
		B41EA8902763290F00E95879 /* Info.plist */ = {isa = PBXFileReference; lastKnownFileType = text.plist.xml; path = Info.plist; sourceTree = "<group>"; };
		B41EA8952763290F00E95879 /* CarAppTests.xctest */ = {isa = PBXFileReference; explicitFileType = wrapper.cfbundle; includeInIndex = 0; path = CarAppTests.xctest; sourceTree = BUILT_PRODUCTS_DIR; };
		B41EA8992763290F00E95879 /* CarAppTests.swift */ = {isa = PBXFileReference; lastKnownFileType = sourcecode.swift; path = CarAppTests.swift; sourceTree = "<group>"; };
		B41EA89F2763290F00E95879 /* CarAppUITests.xctest */ = {isa = PBXFileReference; explicitFileType = wrapper.cfbundle; includeInIndex = 0; path = CarAppUITests.xctest; sourceTree = BUILT_PRODUCTS_DIR; };
		B41EA8A32763290F00E95879 /* CarAppUITests.swift */ = {isa = PBXFileReference; lastKnownFileType = sourcecode.swift; path = CarAppUITests.swift; sourceTree = "<group>"; };
		B41EA8A52763290F00E95879 /* CarAppUITestsLaunchTests.swift */ = {isa = PBXFileReference; lastKnownFileType = sourcecode.swift; path = CarAppUITestsLaunchTests.swift; sourceTree = "<group>"; };
/* End PBXFileReference section */

/* Begin PBXFrameworksBuildPhase section */
		B41EA87C2763290D00E95879 /* Frameworks */ = {
			isa = PBXFrameworksBuildPhase;
			buildActionMask = 2147483647;
			files = (
			);
			runOnlyForDeploymentPostprocessing = 0;
		};
		B41EA8922763290F00E95879 /* Frameworks */ = {
			isa = PBXFrameworksBuildPhase;
			buildActionMask = 2147483647;
			files = (
			);
			runOnlyForDeploymentPostprocessing = 0;
		};
		B41EA89C2763290F00E95879 /* Frameworks */ = {
			isa = PBXFrameworksBuildPhase;
			buildActionMask = 2147483647;
			files = (
			);
			runOnlyForDeploymentPostprocessing = 0;
		};
/* End PBXFrameworksBuildPhase section */

/* Begin PBXGroup section */
		B41EA8762763290D00E95879 = {
			isa = PBXGroup;
			children = (
				B41EA8812763290D00E95879 /* CarApp */,
				B41EA8982763290F00E95879 /* CarAppTests */,
				B41EA8A22763290F00E95879 /* CarAppUITests */,
				B41EA8802763290D00E95879 /* Products */,
			);
			sourceTree = "<group>";
		};
		B41EA8802763290D00E95879 /* Products */ = {
			isa = PBXGroup;
			children = (
				B41EA87F2763290D00E95879 /* CarApp.app */,
				B41EA8952763290F00E95879 /* CarAppTests.xctest */,
				B41EA89F2763290F00E95879 /* CarAppUITests.xctest */,
			);
			name = Products;
			sourceTree = "<group>";
		};
		B41EA8812763290D00E95879 /* CarApp */ = {
			isa = PBXGroup;
			children = (
				B41EA8822763290D00E95879 /* AppDelegate.swift */,
				B41EA8842763290D00E95879 /* SceneDelegate.swift */,
				B41EA8862763290D00E95879 /* ViewController.swift */,
				B41EA8882763290D00E95879 /* Main.storyboard */,
				B41EA88B2763290E00E95879 /* Assets.xcassets */,
				B41EA88D2763290F00E95879 /* LaunchScreen.storyboard */,
				B41EA8902763290F00E95879 /* Info.plist */,
			);
			path = CarApp;
			sourceTree = "<group>";
		};
		B41EA8982763290F00E95879 /* CarAppTests */ = {
			isa = PBXGroup;
			children = (
				B41EA8992763290F00E95879 /* CarAppTests.swift */,
			);
			path = CarAppTests;
			sourceTree = "<group>";
		};
		B41EA8A22763290F00E95879 /* CarAppUITests */ = {
			isa = PBXGroup;
			children = (
				B41EA8A32763290F00E95879 /* CarAppUITests.swift */,
				B41EA8A52763290F00E95879 /* CarAppUITestsLaunchTests.swift */,
			);
			path = CarAppUITests;
			sourceTree = "<group>";
		};
/* End PBXGroup section */

/* Begin PBXNativeTarget section */
		B41EA87E2763290D00E95879 /* CarApp */ = {
			isa = PBXNativeTarget;
			buildConfigurationList = B41EA8A92763290F00E95879 /* Build configuration list for PBXNativeTarget "CarApp" */;
			buildPhases = (
				B41EA87B2763290D00E95879 /* Sources */,
				B41EA87C2763290D00E95879 /* Frameworks */,
				B41EA87D2763290D00E95879 /* Resources */,
			);
			buildRules = (
			);
			dependencies = (
			);
			name = CarApp;
			productName = CarApp;
			productReference = B41EA87F2763290D00E95879 /* CarApp.app */;
			productType = "com.apple.product-type.application";
		};
		B41EA8942763290F00E95879 /* CarAppTests */ = {
			isa = PBXNativeTarget;
			buildConfigurationList = B41EA8AC2763290F00E95879 /* Build configuration list for PBXNativeTarget "CarAppTests" */;
			buildPhases = (
				B41EA8912763290F00E95879 /* Sources */,
				B41EA8922763290F00E95879 /* Frameworks */,
				B41EA8932763290F00E95879 /* Resources */,
			);
			buildRules = (
			);
			dependencies = (
				B41EA8972763290F00E95879 /* PBXTargetDependency */,
			);
			name = CarAppTests;
			productName = CarAppTests;
			productReference = B41EA8952763290F00E95879 /* CarAppTests.xctest */;
			productType = "com.apple.product-type.bundle.unit-test";
		};
		B41EA89E2763290F00E95879 /* CarAppUITests */ = {
			isa = PBXNativeTarget;
			buildConfigurationList = B41EA8AF2763290F00E95879 /* Build configuration list for PBXNativeTarget "CarAppUITests" */;
			buildPhases = (
				B41EA89B2763290F00E95879 /* Sources */,
				B41EA89C2763290F00E95879 /* Frameworks */,
				B41EA89D2763290F00E95879 /* Resources */,
			);
			buildRules = (
			);
			dependencies = (
				B41EA8A12763290F00E95879 /* PBXTargetDependency */,
			);
			name = CarAppUITests;
			productName = CarAppUITests;
			productReference = B41EA89F2763290F00E95879 /* CarAppUITests.xctest */;
			productType = "com.apple.product-type.bundle.ui-testing";
		};
/* End PBXNativeTarget section */

/* Begin PBXProject section */
		B41EA8772763290D00E95879 /* Project object */ = {
			isa = PBXProject;
			attributes = {
				BuildIndependentTargetsInParallel = 1;
				LastSwiftUpdateCheck = 1310;
				LastUpgradeCheck = 1310;
				TargetAttributes = {
					B41EA87E2763290D00E95879 = {
						CreatedOnToolsVersion = 13.1;
					};
					B41EA8942763290F00E95879 = {
						CreatedOnToolsVersion = 13.1;
						TestTargetID = B41EA87E2763290D00E95879;
					};
					B41EA89E2763290F00E95879 = {
						CreatedOnToolsVersion = 13.1;
						TestTargetID = B41EA87E2763290D00E95879;
					};
				};
			};
			buildConfigurationList = B41EA87A2763290D00E95879 /* Build configuration list for PBXProject "CarApp" */;
			compatibilityVersion = "Xcode 13.0";
			developmentRegion = en;
			hasScannedForEncodings = 0;
			knownRegions = (
				en,
				Base,
			);
			mainGroup = B41EA8762763290D00E95879;
			productRefGroup = B41EA8802763290D00E95879 /* Products */;
			projectDirPath = "";
			projectRoot = "";
			targets = (
				B41EA87E2763290D00E95879 /* CarApp */,
				B41EA8942763290F00E95879 /* CarAppTests */,
				B41EA89E2763290F00E95879 /* CarAppUITests */,
			);
		};
/* End PBXProject section */

/* Begin PBXResourcesBuildPhase section */
		B41EA87D2763290D00E95879 /* Resources */ = {
			isa = PBXResourcesBuildPhase;
			buildActionMask = 2147483647;
			files = (
				B41EA88F2763290F00E95879 /* LaunchScreen.storyboard in Resources */,
				B41EA88C2763290E00E95879 /* Assets.xcassets in Resources */,
				B41EA88A2763290D00E95879 /* Main.storyboard in Resources */,
			);
			runOnlyForDeploymentPostprocessing = 0;
		};
		B41EA8932763290F00E95879 /* Resources */ = {
			isa = PBXResourcesBuildPhase;
			buildActionMask = 2147483647;
			files = (
			);
			runOnlyForDeploymentPostprocessing = 0;
		};
		B41EA89D2763290F00E95879 /* Resources */ = {
			isa = PBXResourcesBuildPhase;
			buildActionMask = 2147483647;
			files = (
			);
			runOnlyForDeploymentPostprocessing = 0;
		};
/* End PBXResourcesBuildPhase section */

/* Begin PBXSourcesBuildPhase section */
		B41EA87B2763290D00E95879 /* Sources */ = {
			isa = PBXSourcesBuildPhase;
			buildActionMask = 2147483647;
			files = (
				B41EA8872763290D00E95879 /* ViewController.swift in Sources */,
				B41EA8832763290D00E95879 /* AppDelegate.swift in Sources */,
				B41EA8852763290D00E95879 /* SceneDelegate.swift in Sources */,
			);
			runOnlyForDeploymentPostprocessing = 0;
		};
		B41EA8912763290F00E95879 /* Sources */ = {
			isa = PBXSourcesBuildPhase;
			buildActionMask = 2147483647;
			files = (
				B41EA89A2763290F00E95879 /* CarAppTests.swift in Sources */,
			);
			runOnlyForDeploymentPostprocessing = 0;
		};
		B41EA89B2763290F00E95879 /* Sources */ = {
			isa = PBXSourcesBuildPhase;
			buildActionMask = 2147483647;
			files = (
				B41EA8A42763290F00E95879 /* CarAppUITests.swift in Sources */,
				B41EA8A62763290F00E95879 /* CarAppUITestsLaunchTests.swift in Sources */,
			);
			runOnlyForDeploymentPostprocessing = 0;
		};
/* End PBXSourcesBuildPhase section */

/* Begin PBXTargetDependency section */
		B41EA8972763290F00E95879 /* PBXTargetDependency */ = {
			isa = PBXTargetDependency;
			target = B41EA87E2763290D00E95879 /* CarApp */;
			targetProxy = B41EA8962763290F00E95879 /* PBXContainerItemProxy */;
		};
		B41EA8A12763290F00E95879 /* PBXTargetDependency */ = {
			isa = PBXTargetDependency;
			target = B41EA87E2763290D00E95879 /* CarApp */;
			targetProxy = B41EA8A02763290F00E95879 /* PBXContainerItemProxy */;
		};
/* End PBXTargetDependency section */

/* Begin PBXVariantGroup section */
		B41EA8882763290D00E95879 /* Main.storyboard */ = {
			isa = PBXVariantGroup;
			children = (
				B41EA8892763290D00E95879 /* Base */,
			);
			name = Main.storyboard;
			sourceTree = "<group>";
		};
		B41EA88D2763290F00E95879 /* LaunchScreen.storyboard */ = {
			isa = PBXVariantGroup;
			children = (
				B41EA88E2763290F00E95879 /* Base */,
			);
			name = LaunchScreen.storyboard;
			sourceTree = "<group>";
		};
/* End PBXVariantGroup section */

/* Begin XCBuildConfiguration section */
		B41EA8A72763290F00E95879 /* Debug */ = {
			isa = XCBuildConfiguration;
			buildSettings = {
				ALWAYS_SEARCH_USER_PATHS = NO;
				CLANG_ANALYZER_NONNULL = YES;
				CLANG_ANALYZER_NUMBER_OBJECT_CONVERSION = YES_AGGRESSIVE;
				CLANG_CXX_LANGUAGE_STANDARD = "gnu++17";
				CLANG_CXX_LIBRARY = "libc++";
				CLANG_ENABLE_MODULES = YES;
				CLANG_ENABLE_OBJC_ARC = YES;
				CLANG_ENABLE_OBJC_WEAK = YES;
				CLANG_WARN_BLOCK_CAPTURE_AUTORELEASING = YES;
				CLANG_WARN_BOOL_CONVERSION = YES;
				CLANG_WARN_COMMA = YES;
				CLANG_WARN_CONSTANT_CONVERSION = YES;
				CLANG_WARN_DEPRECATED_OBJC_IMPLEMENTATIONS = YES;
				CLANG_WARN_DIRECT_OBJC_ISA_USAGE = YES_ERROR;
				CLANG_WARN_DOCUMENTATION_COMMENTS = YES;
				CLANG_WARN_EMPTY_BODY = YES;
				CLANG_WARN_ENUM_CONVERSION = YES;
				CLANG_WARN_INFINITE_RECURSION = YES;
				CLANG_WARN_INT_CONVERSION = YES;
				CLANG_WARN_NON_LITERAL_NULL_CONVERSION = YES;
				CLANG_WARN_OBJC_IMPLICIT_RETAIN_SELF = YES;
				CLANG_WARN_OBJC_LITERAL_CONVERSION = YES;
				CLANG_WARN_OBJC_ROOT_CLASS = YES_ERROR;
				CLANG_WARN_QUOTED_INCLUDE_IN_FRAMEWORK_HEADER = YES;
				CLANG_WARN_RANGE_LOOP_ANALYSIS = YES;
				CLANG_WARN_STRICT_PROTOTYPES = YES;
				CLANG_WARN_SUSPICIOUS_MOVE = YES;
				CLANG_WARN_UNGUARDED_AVAILABILITY = YES_AGGRESSIVE;
				CLANG_WARN_UNREACHABLE_CODE = YES;
				CLANG_WARN__DUPLICATE_METHOD_MATCH = YES;
				COPY_PHASE_STRIP = NO;
				DEBUG_INFORMATION_FORMAT = dwarf;
				ENABLE_STRICT_OBJC_MSGSEND = YES;
				ENABLE_TESTABILITY = YES;
				GCC_C_LANGUAGE_STANDARD = gnu11;
				GCC_DYNAMIC_NO_PIC = NO;
				GCC_NO_COMMON_BLOCKS = YES;
				GCC_OPTIMIZATION_LEVEL = 0;
				GCC_PREPROCESSOR_DEFINITIONS = (
					"DEBUG=1",
					"$(inherited)",
				);
				GCC_WARN_64_TO_32_BIT_CONVERSION = YES;
				GCC_WARN_ABOUT_RETURN_TYPE = YES_ERROR;
				GCC_WARN_UNDECLARED_SELECTOR = YES;
				GCC_WARN_UNINITIALIZED_AUTOS = YES_AGGRESSIVE;
				GCC_WARN_UNUSED_FUNCTION = YES;
				GCC_WARN_UNUSED_VARIABLE = YES;
				IPHONEOS_DEPLOYMENT_TARGET = 15.0;
				MTL_ENABLE_DEBUG_INFO = INCLUDE_SOURCE;
				MTL_FAST_MATH = YES;
				ONLY_ACTIVE_ARCH = YES;
				SDKROOT = iphoneos;
				SWIFT_ACTIVE_COMPILATION_CONDITIONS = DEBUG;
				SWIFT_OPTIMIZATION_LEVEL = "-Onone";
			};
			name = Debug;
		};
		B41EA8A82763290F00E95879 /* Release */ = {
			isa = XCBuildConfiguration;
			buildSettings = {
				ALWAYS_SEARCH_USER_PATHS = NO;
				CLANG_ANALYZER_NONNULL = YES;
				CLANG_ANALYZER_NUMBER_OBJECT_CONVERSION = YES_AGGRESSIVE;
				CLANG_CXX_LANGUAGE_STANDARD = "gnu++17";
				CLANG_CXX_LIBRARY = "libc++";
				CLANG_ENABLE_MODULES = YES;
				CLANG_ENABLE_OBJC_ARC = YES;
				CLANG_ENABLE_OBJC_WEAK = YES;
				CLANG_WARN_BLOCK_CAPTURE_AUTORELEASING = YES;
				CLANG_WARN_BOOL_CONVERSION = YES;
				CLANG_WARN_COMMA = YES;
				CLANG_WARN_CONSTANT_CONVERSION = YES;
				CLANG_WARN_DEPRECATED_OBJC_IMPLEMENTATIONS = YES;
				CLANG_WARN_DIRECT_OBJC_ISA_USAGE = YES_ERROR;
				CLANG_WARN_DOCUMENTATION_COMMENTS = YES;
				CLANG_WARN_EMPTY_BODY = YES;
				CLANG_WARN_ENUM_CONVERSION = YES;
				CLANG_WARN_INFINITE_RECURSION = YES;
				CLANG_WARN_INT_CONVERSION = YES;
				CLANG_WARN_NON_LITERAL_NULL_CONVERSION = YES;
				CLANG_WARN_OBJC_IMPLICIT_RETAIN_SELF = YES;
				CLANG_WARN_OBJC_LITERAL_CONVERSION = YES;
				CLANG_WARN_OBJC_ROOT_CLASS = YES_ERROR;
				CLANG_WARN_QUOTED_INCLUDE_IN_FRAMEWORK_HEADER = YES;
				CLANG_WARN_RANGE_LOOP_ANALYSIS = YES;
				CLANG_WARN_STRICT_PROTOTYPES = YES;
				CLANG_WARN_SUSPICIOUS_MOVE = YES;
				CLANG_WARN_UNGUARDED_AVAILABILITY = YES_AGGRESSIVE;
				CLANG_WARN_UNREACHABLE_CODE = YES;
				CLANG_WARN__DUPLICATE_METHOD_MATCH = YES;
				COPY_PHASE_STRIP = NO;
				DEBUG_INFORMATION_FORMAT = "dwarf-with-dsym";
				ENABLE_NS_ASSERTIONS = NO;
				ENABLE_STRICT_OBJC_MSGSEND = YES;
				GCC_C_LANGUAGE_STANDARD = gnu11;
				GCC_NO_COMMON_BLOCKS = YES;
				GCC_WARN_64_TO_32_BIT_CONVERSION = YES;
				GCC_WARN_ABOUT_RETURN_TYPE = YES_ERROR;
				GCC_WARN_UNDECLARED_SELECTOR = YES;
				GCC_WARN_UNINITIALIZED_AUTOS = YES_AGGRESSIVE;
				GCC_WARN_UNUSED_FUNCTION = YES;
				GCC_WARN_UNUSED_VARIABLE = YES;
				IPHONEOS_DEPLOYMENT_TARGET = 15.0;
				MTL_ENABLE_DEBUG_INFO = NO;
				MTL_FAST_MATH = YES;
				SDKROOT = iphoneos;
				SWIFT_COMPILATION_MODE = wholemodule;
				SWIFT_OPTIMIZATION_LEVEL = "-O";
				VALIDATE_PRODUCT = YES;
			};
			name = Release;
		};
		B41EA8AA2763290F00E95879 /* Debug */ = {
			isa = XCBuildConfiguration;
			buildSettings = {
				ASSETCATALOG_COMPILER_APPICON_NAME = AppIcon;
				ASSETCATALOG_COMPILER_GLOBAL_ACCENT_COLOR_NAME = AccentColor;
				CODE_SIGN_STYLE = Automatic;
				CURRENT_PROJECT_VERSION = 1;
				DEVELOPMENT_TEAM = ZCCKWEG7FL;
				GENERATE_INFOPLIST_FILE = YES;
				INFOPLIST_FILE = CarApp/Info.plist;
				INFOPLIST_KEY_UIApplicationSupportsIndirectInputEvents = YES;
				INFOPLIST_KEY_UILaunchStoryboardName = LaunchScreen;
				INFOPLIST_KEY_UIMainStoryboardFile = Main;
				INFOPLIST_KEY_UISupportedInterfaceOrientations_iPad = "UIInterfaceOrientationPortrait UIInterfaceOrientationPortraitUpsideDown UIInterfaceOrientationLandscapeLeft UIInterfaceOrientationLandscapeRight";
				INFOPLIST_KEY_UISupportedInterfaceOrientations_iPhone = "UIInterfaceOrientationPortrait UIInterfaceOrientationLandscapeLeft UIInterfaceOrientationLandscapeRight";
				LD_RUNPATH_SEARCH_PATHS = (
					"$(inherited)",
					"@executable_path/Frameworks",
				);
				MARKETING_VERSION = 1.0;
				PRODUCT_BUNDLE_IDENTIFIER = com.thuraoo.CarApp;
				PRODUCT_NAME = "$(TARGET_NAME)";
				SWIFT_EMIT_LOC_STRINGS = YES;
				SWIFT_VERSION = 5.0;
				TARGETED_DEVICE_FAMILY = "1,2";
			};
			name = Debug;
		};
		B41EA8AB2763290F00E95879 /* Release */ = {
			isa = XCBuildConfiguration;
			buildSettings = {
				ASSETCATALOG_COMPILER_APPICON_NAME = AppIcon;
				ASSETCATALOG_COMPILER_GLOBAL_ACCENT_COLOR_NAME = AccentColor;
				CODE_SIGN_STYLE = Automatic;
				CURRENT_PROJECT_VERSION = 1;
				DEVELOPMENT_TEAM = ZCCKWEG7FL;
				GENERATE_INFOPLIST_FILE = YES;
				INFOPLIST_FILE = CarApp/Info.plist;
				INFOPLIST_KEY_UIApplicationSupportsIndirectInputEvents = YES;
				INFOPLIST_KEY_UILaunchStoryboardName = LaunchScreen;
				INFOPLIST_KEY_UIMainStoryboardFile = Main;
				INFOPLIST_KEY_UISupportedInterfaceOrientations_iPad = "UIInterfaceOrientationPortrait UIInterfaceOrientationPortraitUpsideDown UIInterfaceOrientationLandscapeLeft UIInterfaceOrientationLandscapeRight";
				INFOPLIST_KEY_UISupportedInterfaceOrientations_iPhone = "UIInterfaceOrientationPortrait UIInterfaceOrientationLandscapeLeft UIInterfaceOrientationLandscapeRight";
				LD_RUNPATH_SEARCH_PATHS = (
					"$(inherited)",
					"@executable_path/Frameworks",
				);
				MARKETING_VERSION = 1.0;
				PRODUCT_BUNDLE_IDENTIFIER = com.thuraoo.CarApp;
				PRODUCT_NAME = "$(TARGET_NAME)";
				SWIFT_EMIT_LOC_STRINGS = YES;
				SWIFT_VERSION = 5.0;
				TARGETED_DEVICE_FAMILY = "1,2";
			};
			name = Release;
		};
		B41EA8AD2763290F00E95879 /* Debug */ = {
			isa = XCBuildConfiguration;
			buildSettings = {
				ALWAYS_EMBED_SWIFT_STANDARD_LIBRARIES = YES;
				BUNDLE_LOADER = "$(TEST_HOST)";
				CODE_SIGN_STYLE = Automatic;
				CURRENT_PROJECT_VERSION = 1;
				DEVELOPMENT_TEAM = ZCCKWEG7FL;
				GENERATE_INFOPLIST_FILE = YES;
				IPHONEOS_DEPLOYMENT_TARGET = 15.0;
				LD_RUNPATH_SEARCH_PATHS = (
					"$(inherited)",
					"@executable_path/Frameworks",
					"@loader_path/Frameworks",
				);
				MARKETING_VERSION = 1.0;
				PRODUCT_BUNDLE_IDENTIFIER = com.thuraoo.CarAppTests;
				PRODUCT_NAME = "$(TARGET_NAME)";
				SWIFT_EMIT_LOC_STRINGS = NO;
				SWIFT_VERSION = 5.0;
				TARGETED_DEVICE_FAMILY = "1,2";
				TEST_HOST = "$(BUILT_PRODUCTS_DIR)/CarApp.app/CarApp";
			};
			name = Debug;
		};
		B41EA8AE2763290F00E95879 /* Release */ = {
			isa = XCBuildConfiguration;
			buildSettings = {
				ALWAYS_EMBED_SWIFT_STANDARD_LIBRARIES = YES;
				BUNDLE_LOADER = "$(TEST_HOST)";
				CODE_SIGN_STYLE = Automatic;
				CURRENT_PROJECT_VERSION = 1;
				DEVELOPMENT_TEAM = ZCCKWEG7FL;
				GENERATE_INFOPLIST_FILE = YES;
				IPHONEOS_DEPLOYMENT_TARGET = 15.0;
				LD_RUNPATH_SEARCH_PATHS = (
					"$(inherited)",
					"@executable_path/Frameworks",
					"@loader_path/Frameworks",
				);
				MARKETING_VERSION = 1.0;
				PRODUCT_BUNDLE_IDENTIFIER = com.thuraoo.CarAppTests;
				PRODUCT_NAME = "$(TARGET_NAME)";
				SWIFT_EMIT_LOC_STRINGS = NO;
				SWIFT_VERSION = 5.0;
				TARGETED_DEVICE_FAMILY = "1,2";
				TEST_HOST = "$(BUILT_PRODUCTS_DIR)/CarApp.app/CarApp";
			};
			name = Release;
		};
		B41EA8B02763290F00E95879 /* Debug */ = {
			isa = XCBuildConfiguration;
			buildSettings = {
				ALWAYS_EMBED_SWIFT_STANDARD_LIBRARIES = YES;
				CODE_SIGN_STYLE = Automatic;
				CURRENT_PROJECT_VERSION = 1;
				DEVELOPMENT_TEAM = ZCCKWEG7FL;
				GENERATE_INFOPLIST_FILE = YES;
				LD_RUNPATH_SEARCH_PATHS = (
					"$(inherited)",
					"@executable_path/Frameworks",
					"@loader_path/Frameworks",
				);
				MARKETING_VERSION = 1.0;
				PRODUCT_BUNDLE_IDENTIFIER = com.thuraoo.CarAppUITests;
				PRODUCT_NAME = "$(TARGET_NAME)";
				SWIFT_EMIT_LOC_STRINGS = NO;
				SWIFT_VERSION = 5.0;
				TARGETED_DEVICE_FAMILY = "1,2";
				TEST_TARGET_NAME = CarApp;
			};
			name = Debug;
		};
		B41EA8B12763290F00E95879 /* Release */ = {
			isa = XCBuildConfiguration;
			buildSettings = {
				ALWAYS_EMBED_SWIFT_STANDARD_LIBRARIES = YES;
				CODE_SIGN_STYLE = Automatic;
				CURRENT_PROJECT_VERSION = 1;
				DEVELOPMENT_TEAM = ZCCKWEG7FL;
				GENERATE_INFOPLIST_FILE = YES;
				LD_RUNPATH_SEARCH_PATHS = (
					"$(inherited)",
					"@executable_path/Frameworks",
					"@loader_path/Frameworks",
				);
				MARKETING_VERSION = 1.0;
				PRODUCT_BUNDLE_IDENTIFIER = com.thuraoo.CarAppUITests;
				PRODUCT_NAME = "$(TARGET_NAME)";
				SWIFT_EMIT_LOC_STRINGS = NO;
				SWIFT_VERSION = 5.0;
				TARGETED_DEVICE_FAMILY = "1,2";
				TEST_TARGET_NAME = CarApp;
			};
			name = Release;
		};
/* End XCBuildConfiguration section */

/* Begin XCConfigurationList section */
		B41EA87A2763290D00E95879 /* Build configuration list for PBXProject "CarApp" */ = {
			isa = XCConfigurationList;
			buildConfigurations = (
				B41EA8A72763290F00E95879 /* Debug */,
				B41EA8A82763290F00E95879 /* Release */,
			);
			defaultConfigurationIsVisible = 0;
			defaultConfigurationName = Release;
		};
		B41EA8A92763290F00E95879 /* Build configuration list for PBXNativeTarget "CarApp" */ = {
			isa = XCConfigurationList;
			buildConfigurations = (
				B41EA8AA2763290F00E95879 /* Debug */,
				B41EA8AB2763290F00E95879 /* Release */,
			);
			defaultConfigurationIsVisible = 0;
			defaultConfigurationName = Release;
		};
		B41EA8AC2763290F00E95879 /* Build configuration list for PBXNativeTarget "CarAppTests" */ = {
			isa = XCConfigurationList;
			buildConfigurations = (
				B41EA8AD2763290F00E95879 /* Debug */,
				B41EA8AE2763290F00E95879 /* Release */,
			);
			defaultConfigurationIsVisible = 0;
			defaultConfigurationName = Release;
		};
		B41EA8AF2763290F00E95879 /* Build configuration list for PBXNativeTarget "CarAppUITests" */ = {
			isa = XCConfigurationList;
			buildConfigurations = (
				B41EA8B02763290F00E95879 /* Debug */,
				B41EA8B12763290F00E95879 /* Release */,
			);
			defaultConfigurationIsVisible = 0;
			defaultConfigurationName = Release;
		};
/* End XCConfigurationList section */
	};
	rootObject = B41EA8772763290D00E95879 /* Project object */;
}
